
Microsoft Visual Studio Solution File, Format Version 12.00
# Visual Studio Version 17
VisualStudioVersion = 17.0.31919.166
MinimumVisualStudioVersion = 10.0.40219.1
Project("{FAE04EC0-301F-11D3-BF4B-00C04F79EFBC}") = "RandomTestTranslate", "RandomTestTranslate\RandomTestTranslate.csproj", "{F1CC8F7C-CAA4-4AE5-9024-671F4C76809E}"
EndProject
Global
	GlobalSection(SolutionConfigurationPlatforms) = preSolution
		Debug|Any CPU = Debug|Any CPU
		Release|Any CPU = Release|Any CPU
	EndGlobalSection
	GlobalSection(ProjectConfigurationPlatforms) = postSolution
		{F1CC8F7C-CAA4-4AE5-9024-671F4C76809E}.Debug|Any CPU.ActiveCfg = Debug|Any CPU
		{F1CC8F7C-CAA4-4AE5-9024-671F4C76809E}.Debug|Any CPU.Build.0 = Debug|Any CPU
		{F1CC8F7C-CAA4-4AE5-9024-671F4C76809E}.Release|Any CPU.ActiveCfg = Release|Any CPU
		{F1CC8F7C-CAA4-4AE5-9024-671F4C76809E}.Release|Any CPU.Build.0 = Release|Any CPU
	EndGlobalSection
	GlobalSection(SolutionProperties) = preSolution
		HideSolutionNode = FALSE
	EndGlobalSection
	GlobalSection(ExtensibilityGlobals) = postSolution
		SolutionGuid = {EB97BFFA-A2E1-4ECF-AB3E-557D30B3FFFC}
	EndGlobalSection
EndGlobal
